<?xml version="1.0" encoding="utf-8"?>
<Project ToolsVersion="4.0" xmlns="http://schemas.microsoft.com/developer/msbuild/2003">
  <ItemGroup>
    <Filter Include="Header Files">
      <UniqueIdentifier>{93995380-89BD-4b04-88EB-625FBE52EBFB}</UniqueIdentifier>
      <Extensions>h;hh;hpp;hxx;hm;inl;inc;ipp;xsd</Extensions>
    </Filter>
    <Filter Include="Resource Files">
      <UniqueIdentifier>{67DA6AB6-F800-4c08-8B7A-83BB121AAD01}</UniqueIdentifier>
      <Extensions>rc;ico;cur;bmp;dlg;rc2;rct;bin;rgs;gif;jpg;jpeg;jpe;resx;tiff;tif;png;wav;mfcribbon-ms</Extensions>
    </Filter>
    <Filter Include="Header Files\core">
      <UniqueIdentifier>{e9063467-4998-49ab-9a5a-da8523c65a3e}</UniqueIdentifier>
    </Filter>
    <Filter Include="Source Files">
      <UniqueIdentifier>{ccb98abb-6d15-4c25-a53f-4701000c6606}</UniqueIdentifier>
    </Filter>
    <Filter Include="Source Files\core">
      <UniqueIdentifier>{6a06d1a9-0359-49ea-9950-00a55c893537}</UniqueIdentifier>
    </Filter>
    <Filter Include="Header Files\pub">
      <UniqueIdentifier>{2ed71ab7-89b3-41d3-ab26-3228fabaabd0}</UniqueIdentifier>
    </Filter>
    <Filter Include="Source Files\pub">
      <UniqueIdentifier>{b962cbd9-3acb-4ebc-b055-9d6777061284}</UniqueIdentifier>
    </Filter>
  </ItemGroup>
  <ItemGroup>
    <ClInclude Include="NativeTest.h">
      <Filter>Header Files</Filter>
    </ClInclude>
    <ClInclude Include="Unique.h">
      <Filter>Header Files</Filter>
    </ClInclude>
    <ClInclude Include="Array.h">
      <Filter>Header Files</Filter>
    </ClInclude>
    <ClInclude Include="MS.h">
      <Filter>Header Files</Filter>
    </ClInclude>
    <ClInclude Include="pub\MSBuilder.h">
      <Filter>Header Files\pub</Filter>
    </ClInclude>
    <ClInclude Include="pub\MSData.h">
      <Filter>Header Files\pub</Filter>
    </ClInclude>
    <ClInclude Include="pub\MSDataArray.h">
      <Filter>Header Files\pub</Filter>
    </ClInclude>
    <ClInclude Include="pub\MSWriter.h">
      <Filter>Header Files\pub</Filter>
    </ClInclude>
    <ClInclude Include="core\ByteAutomata.h">
      <Filter>Header Files\core</Filter>
    </ClInclude>
    <ClInclude Include="core\ByteCode.h">
      <Filter>Header Files\core</Filter>
    </ClInclude>
    <ClInclude Include="core\Context.h">
      <Filter>Header Files\core</Filter>
    </ClInclude>
    <ClInclude Include="core\Generator.h">
      <Filter>Header Files\core</Filter>
    </ClInclude>
    <ClInclude Include="core\MArgs.h">
      <Filter>Header Files\core</Filter>
    </ClInclude>
    <ClInclude Include="core\MC.h">
      <Filter>Header Files\core</Filter>
    </ClInclude>
    <ClInclude Include="core\MCallback.h">
      <Filter>Header Files\core</Filter>
    </ClInclude>
    <ClInclude Include="core\MeanMachine.h">
      <Filter>Header Files\core</Filter>
    </ClInclude>
    <ClInclude Include="core\MeanscriptUnitTest.h">
      <Filter>Header Files\core</Filter>
    </ClInclude>
    <ClInclude Include="core\MNode.h">
      <Filter>Header Files\core</Filter>
    </ClInclude>
    <ClInclude Include="core\NodeIterator.h">
      <Filter>Header Files\core</Filter>
    </ClInclude>
    <ClInclude Include="core\Parser.h">
      <Filter>Header Files\core</Filter>
    </ClInclude>
    <ClInclude Include="core\Semantics.h">
      <Filter>Header Files\core</Filter>
    </ClInclude>
    <ClInclude Include="core\StructDef.h">
      <Filter>Header Files\core</Filter>
    </ClInclude>
    <ClInclude Include="core\TokenTree.h">
      <Filter>Header Files\core</Filter>
    </ClInclude>
    <ClInclude Include="core\VarGen.h">
      <Filter>Header Files\core</Filter>
    </ClInclude>
    <ClInclude Include="pub\MSCode.h">
      <Filter>Header Files\pub</Filter>
    </ClInclude>
    <ClInclude Include="pub\MSGlobal.h">
      <Filter>Header Files\pub</Filter>
    </ClInclude>
    <ClInclude Include="core\Common.h">
      <Filter>Header Files\core</Filter>
    </ClInclude>
    <ClInclude Include="pub\MSInputArray.h">
      <Filter>Header Files\pub</Filter>
    </ClInclude>
    <ClInclude Include="pub\MSInputStream.h">
      <Filter>Header Files\pub</Filter>
    </ClInclude>
    <ClInclude Include="pub\MSOutputArray.h">
      <Filter>Header Files\pub</Filter>
    </ClInclude>
    <ClInclude Include="pub\MSOutputPrint.h">
      <Filter>Header Files\pub</Filter>
    </ClInclude>
    <ClInclude Include="pub\MSOutputStream.h">
      <Filter>Header Files\pub</Filter>
    </ClInclude>
    <ClInclude Include="core\ClassMaker.h">
      <Filter>Header Files\core</Filter>
    </ClInclude>
    <ClInclude Include="pub\MSText.h">
      <Filter>Header Files\pub</Filter>
    </ClInclude>
    <ClInclude Include="pub\MSOutputPrintArray.h">
      <Filter>Header Files\pub</Filter>
    </ClInclude>
  </ItemGroup>
  <ItemGroup>
    <ClCompile Include="MS.cpp">
      <Filter>Source Files</Filter>
    </ClCompile>
    <ClCompile Include="pub\MSBuilder.cpp">
      <Filter>Source Files\pub</Filter>
    </ClCompile>
    <ClCompile Include="pub\MSData.cpp">
      <Filter>Source Files\pub</Filter>
    </ClCompile>
    <ClCompile Include="pub\MSDataArray.cpp">
      <Filter>Source Files\pub</Filter>
    </ClCompile>
    <ClCompile Include="pub\MSWriter.cpp">
      <Filter>Source Files\pub</Filter>
    </ClCompile>
    <ClCompile Include="core\ByteAutomata.cpp">
      <Filter>Source Files\core</Filter>
    </ClCompile>
    <ClCompile Include="core\ByteCode.cpp">
      <Filter>Source Files\core</Filter>
    </ClCompile>
    <ClCompile Include="core\Context.cpp">
      <Filter>Source Files\core</Filter>
    </ClCompile>
    <ClCompile Include="core\Generator.cpp">
      <Filter>Source Files\core</Filter>
    </ClCompile>
    <ClCompile Include="core\MArgs.cpp">
      <Filter>Source Files\core</Filter>
    </ClCompile>
    <ClCompile Include="core\MC.cpp">
      <Filter>Source Files\core</Filter>
    </ClCompile>
    <ClCompile Include="core\MCallback.cpp">
      <Filter>Source Files\core</Filter>
    </ClCompile>
    <ClCompile Include="core\MeanMachine.cpp">
      <Filter>Source Files\core</Filter>
    </ClCompile>
    <ClCompile Include="core\MeanscriptUnitTest.cpp">
      <Filter>Source Files\core</Filter>
    </ClCompile>
    <ClCompile Include="core\MNode.cpp">
      <Filter>Source Files\core</Filter>
    </ClCompile>
    <ClCompile Include="core\NodeIterator.cpp">
      <Filter>Source Files\core</Filter>
    </ClCompile>
    <ClCompile Include="core\Parser.cpp">
      <Filter>Source Files\core</Filter>
    </ClCompile>
    <ClCompile Include="core\Semantics.cpp">
      <Filter>Source Files\core</Filter>
    </ClCompile>
    <ClCompile Include="core\StructDef.cpp">
      <Filter>Source Files\core</Filter>
    </ClCompile>
    <ClCompile Include="core\TokenTree.cpp">
      <Filter>Source Files\core</Filter>
    </ClCompile>
    <ClCompile Include="core\VarGen.cpp">
      <Filter>Source Files\core</Filter>
    </ClCompile>
    <ClCompile Include="pub\MSCode.cpp">
      <Filter>Source Files\pub</Filter>
    </ClCompile>
    <ClCompile Include="pub\MSGlobal.cpp">
      <Filter>Source Files\pub</Filter>
    </ClCompile>
    <ClCompile Include="core\Common.cpp">
      <Filter>Source Files\core</Filter>
    </ClCompile>
    <ClCompile Include="pub\MSInputArray.cpp">
      <Filter>Source Files\pub</Filter>
    </ClCompile>
    <ClCompile Include="pub\MSInputStream.cpp">
      <Filter>Source Files\pub</Filter>
    </ClCompile>
    <ClCompile Include="pub\MSOutputArray.cpp">
      <Filter>Source Files\pub</Filter>
    </ClCompile>
    <ClCompile Include="pub\MSOutputPrint.cpp">
      <Filter>Source Files\pub</Filter>
    </ClCompile>
    <ClCompile Include="pub\MSOutputStream.cpp">
      <Filter>Source Files\pub</Filter>
    </ClCompile>
    <ClCompile Include="core\ClassMaker.cpp">
      <Filter>Source Files\core</Filter>
    </ClCompile>
    <ClCompile Include="pub\MSText.cpp">
      <Filter>Source Files\pub</Filter>
    </ClCompile>
    <ClCompile Include="pub\MSOutputPrintArray.cpp">
      <Filter>Source Files\pub</Filter>
    </ClCompile>
  </ItemGroup>
</Project>